
Microsoft Visual Studio Solution File, Format Version 12.00
# Visual Studio 15
VisualStudioVersion = 15.0.28307.168
MinimumVisualStudioVersion = 10.0.40219.1
Project("{9A19103F-16F7-4668-BE54-9A1E7A4F7556}") = "TasksManager.Web", "TasksManager.Web\TasksManager.Web.csproj", "{14964661-15D3-4BFE-B026-69920DCFA4F4}"
EndProject
Project("{9A19103F-16F7-4668-BE54-9A1E7A4F7556}") = "TasksManager.Data", "TasksManager.Data\TasksManager.Data.csproj", "{C5A79FEE-77F8-4A82-9130-B0612F7D03CA}"
EndProject
Project("{9A19103F-16F7-4668-BE54-9A1E7A4F7556}") = "TasksManager.Services", "TasksManager.Services\TasksManager.Services.csproj", "{F1A9DFEC-4617-4606-B2F5-960F274CC211}"
EndProject
Project("{2150E333-8FDC-42A3-9474-1A3956D46DE8}") = "Scripts", "Scripts", "{497F3EAD-E349-4667-AAA3-BCEFF044554F}"
	ProjectSection(SolutionItems) = preProject
		init_database.sql = init_database.sql
	EndProjectSection
EndProject
Global
	GlobalSection(SolutionConfigurationPlatforms) = preSolution
		Debug|Any CPU = Debug|Any CPU
		Release|Any CPU = Release|Any CPU
	EndGlobalSection
	GlobalSection(ProjectConfigurationPlatforms) = postSolution
		{14964661-15D3-4BFE-B026-69920DCFA4F4}.Debug|Any CPU.ActiveCfg = Debug|Any CPU
		{14964661-15D3-4BFE-B026-69920DCFA4F4}.Debug|Any CPU.Build.0 = Debug|Any CPU
		{14964661-15D3-4BFE-B026-69920DCFA4F4}.Release|Any CPU.ActiveCfg = Release|Any CPU
		{14964661-15D3-4BFE-B026-69920DCFA4F4}.Release|Any CPU.Build.0 = Release|Any CPU
		{C5A79FEE-77F8-4A82-9130-B0612F7D03CA}.Debug|Any CPU.ActiveCfg = Debug|Any CPU
		{C5A79FEE-77F8-4A82-9130-B0612F7D03CA}.Debug|Any CPU.Build.0 = Debug|Any CPU
		{C5A79FEE-77F8-4A82-9130-B0612F7D03CA}.Release|Any CPU.ActiveCfg = Release|Any CPU
		{C5A79FEE-77F8-4A82-9130-B0612F7D03CA}.Release|Any CPU.Build.0 = Release|Any CPU
		{F1A9DFEC-4617-4606-B2F5-960F274CC211}.Debug|Any CPU.ActiveCfg = Debug|Any CPU
		{F1A9DFEC-4617-4606-B2F5-960F274CC211}.Debug|Any CPU.Build.0 = Debug|Any CPU
		{F1A9DFEC-4617-4606-B2F5-960F274CC211}.Release|Any CPU.ActiveCfg = Release|Any CPU
		{F1A9DFEC-4617-4606-B2F5-960F274CC211}.Release|Any CPU.Build.0 = Release|Any CPU
	EndGlobalSection
	GlobalSection(SolutionProperties) = preSolution
		HideSolutionNode = FALSE
	EndGlobalSection
	GlobalSection(ExtensibilityGlobals) = postSolution
		SolutionGuid = {0CFBCA18-6D5B-48FC-94F6-2EBDFEB6C9FB}
	EndGlobalSection
EndGlobal
